
Microsoft Visual Studio Solution File, Format Version 12.00
# Visual Studio Version 17
VisualStudioVersion = 17.5.002.0
MinimumVisualStudioVersion = 10.0.40219.1
Project("{2150E333-8FDC-42A3-9474-1A3956D46DE8}") = "csharp-prep", "csharp-prep", "{3DD6294E-0C49-433C-BAD8-4EEDEA37ACC2}"
EndProject
Project("{9A19103F-16F7-4668-BE54-9A1E7A4F7556}") = "Prep1", "csharp-prep\Prep1\Prep1.csproj", "{3E9829D6-B58F-41CD-9DAC-21CD2B097634}"
EndProject
Project("{9A19103F-16F7-4668-BE54-9A1E7A4F7556}") = "Prep2", "csharp-prep\Prep2\Prep2.csproj", "{E5E10DB5-4465-4D71-97DB-9E88E2E2F47B}"
EndProject
Project("{9A19103F-16F7-4668-BE54-9A1E7A4F7556}") = "Prep3", "csharp-prep\Prep3\Prep3.csproj", "{BFC71ED8-358D-4B87-8079-EE7C9BF0476A}"
EndProject
Project("{9A19103F-16F7-4668-BE54-9A1E7A4F7556}") = "Prep4", "csharp-prep\Prep4\Prep4.csproj", "{EF820A30-9E79-40C3-8474-206E2F0BD421}"
EndProject
Project("{9A19103F-16F7-4668-BE54-9A1E7A4F7556}") = "Prep5", "csharp-prep\Prep5\Prep5.csproj", "{997CAF62-116E-407A-A440-897ADB74FCC5}"
EndProject
Project("{2150E333-8FDC-42A3-9474-1A3956D46DE8}") = "final", "final", "{B1A057C6-6ADE-4689-BBFD-A1AAEF5BF9D8}"
EndProject
Project("{9A19103F-16F7-4668-BE54-9A1E7A4F7556}") = "FinalProject", "final\FinalProject\FinalProject.csproj", "{04D1B17F-4883-4393-B7A6-B2EF554E866C}"
EndProject
Project("{9A19103F-16F7-4668-BE54-9A1E7A4F7556}") = "Foundation1", "final\Foundation1\Foundation1.csproj", "{A56F9719-AD6C-42E6-8273-6227DF10E615}"
EndProject
Project("{9A19103F-16F7-4668-BE54-9A1E7A4F7556}") = "Foundation2", "final\Foundation2\Foundation2.csproj", "{EFB9E419-44F6-4C25-A319-C08D7CDC8C4B}"
EndProject
Project("{9A19103F-16F7-4668-BE54-9A1E7A4F7556}") = "Foundation3", "final\Foundation3\Foundation3.csproj", "{56696332-0F0D-4E98-828F-1284E680A323}"
EndProject
Project("{9A19103F-16F7-4668-BE54-9A1E7A4F7556}") = "Foundation4", "final\Foundation4\Foundation4.csproj", "{706EC5B2-C437-476A-83EB-D70C238E2509}"
EndProject
Project("{2150E333-8FDC-42A3-9474-1A3956D46DE8}") = "prepare", "prepare", "{698D774E-0C58-4AFE-9650-F6CBD126262F}"
EndProject
Project("{9A19103F-16F7-4668-BE54-9A1E7A4F7556}") = "Learning02", "prepare\Learning02\Learning02.csproj", "{767F7848-C047-4A6F-B8D2-42BAD122CD87}"
EndProject
Project("{9A19103F-16F7-4668-BE54-9A1E7A4F7556}") = "Learning03", "prepare\Learning03\Learning03.csproj", "{CE18BFC1-2798-4DFD-9EC2-4F8C5EC99CF2}"
EndProject
Project("{9A19103F-16F7-4668-BE54-9A1E7A4F7556}") = "Learning04", "prepare\Learning04\Learning04.csproj", "{D36ABFFD-10DD-47A8-B9EF-8137A72FBAE5}"
EndProject
Project("{9A19103F-16F7-4668-BE54-9A1E7A4F7556}") = "Learning05", "prepare\Learning05\Learning05.csproj", "{479BE856-1BEA-4840-88BE-D753AA12B0F1}"
EndProject
Project("{2150E333-8FDC-42A3-9474-1A3956D46DE8}") = "prove", "prove", "{C63049D6-1E67-4800-9491-7DF36ED716F9}"
EndProject
Project("{9A19103F-16F7-4668-BE54-9A1E7A4F7556}") = "Develop02", "prove\Develop02\Develop02.csproj", "{9004DCB7-A5B3-463F-8E46-D0843DAB1708}"
EndProject
Project("{9A19103F-16F7-4668-BE54-9A1E7A4F7556}") = "Develop03", "prove\Develop03\Develop03.csproj", "{03DBD901-BF7C-4804-8AE4-1BCD32C8B977}"
EndProject
Project("{9A19103F-16F7-4668-BE54-9A1E7A4F7556}") = "Develop04", "prove\Develop04\Develop04.csproj", "{9C4D078F-F943-450B-A024-E44D0C7D2587}"
EndProject
Project("{9A19103F-16F7-4668-BE54-9A1E7A4F7556}") = "Develop05", "prove\Develop05\Develop05.csproj", "{1F47FBB3-CA31-4664-982A-C0109A1B4741}"
EndProject
Project("{2150E333-8FDC-42A3-9474-1A3956D46DE8}") = "sandbox", "sandbox", "{D53129C5-8A39-470A-9AE1-B497786BBFB1}"
EndProject
Project("{9A19103F-16F7-4668-BE54-9A1E7A4F7556}") = "Sandbox", "sandbox\Sandbox\Sandbox.csproj", "{98C78D3E-B509-4A2F-9E40-C7BB281452F7}"
EndProject
Global
	GlobalSection(SolutionConfigurationPlatforms) = preSolution
		Debug|Any CPU = Debug|Any CPU
		Release|Any CPU = Release|Any CPU
	EndGlobalSection
	GlobalSection(ProjectConfigurationPlatforms) = postSolution
		{3E9829D6-B58F-41CD-9DAC-21CD2B097634}.Debug|Any CPU.ActiveCfg = Debug|Any CPU
		{3E9829D6-B58F-41CD-9DAC-21CD2B097634}.Debug|Any CPU.Build.0 = Debug|Any CPU
		{3E9829D6-B58F-41CD-9DAC-21CD2B097634}.Release|Any CPU.ActiveCfg = Release|Any CPU
		{3E9829D6-B58F-41CD-9DAC-21CD2B097634}.Release|Any CPU.Build.0 = Release|Any CPU
		{E5E10DB5-4465-4D71-97DB-9E88E2E2F47B}.Debug|Any CPU.ActiveCfg = Debug|Any CPU
		{E5E10DB5-4465-4D71-97DB-9E88E2E2F47B}.Debug|Any CPU.Build.0 = Debug|Any CPU
		{E5E10DB5-4465-4D71-97DB-9E88E2E2F47B}.Release|Any CPU.ActiveCfg = Release|Any CPU
		{E5E10DB5-4465-4D71-97DB-9E88E2E2F47B}.Release|Any CPU.Build.0 = Release|Any CPU
		{BFC71ED8-358D-4B87-8079-EE7C9BF0476A}.Debug|Any CPU.ActiveCfg = Debug|Any CPU
		{BFC71ED8-358D-4B87-8079-EE7C9BF0476A}.Debug|Any CPU.Build.0 = Debug|Any CPU
		{BFC71ED8-358D-4B87-8079-EE7C9BF0476A}.Release|Any CPU.ActiveCfg = Release|Any CPU
		{BFC71ED8-358D-4B87-8079-EE7C9BF0476A}.Release|Any CPU.Build.0 = Release|Any CPU
		{EF820A30-9E79-40C3-8474-206E2F0BD421}.Debug|Any CPU.ActiveCfg = Debug|Any CPU
		{EF820A30-9E79-40C3-8474-206E2F0BD421}.Debug|Any CPU.Build.0 = Debug|Any CPU
		{EF820A30-9E79-40C3-8474-206E2F0BD421}.Release|Any CPU.ActiveCfg = Release|Any CPU
		{EF820A30-9E79-40C3-8474-206E2F0BD421}.Release|Any CPU.Build.0 = Release|Any CPU
		{997CAF62-116E-407A-A440-897ADB74FCC5}.Debug|Any CPU.ActiveCfg = Debug|Any CPU
		{997CAF62-116E-407A-A440-897ADB74FCC5}.Debug|Any CPU.Build.0 = Debug|Any CPU
		{997CAF62-116E-407A-A440-897ADB74FCC5}.Release|Any CPU.ActiveCfg = Release|Any CPU
		{997CAF62-116E-407A-A440-897ADB74FCC5}.Release|Any CPU.Build.0 = Release|Any CPU
		{04D1B17F-4883-4393-B7A6-B2EF554E866C}.Debug|Any CPU.ActiveCfg = Debug|Any CPU
		{04D1B17F-4883-4393-B7A6-B2EF554E866C}.Debug|Any CPU.Build.0 = Debug|Any CPU
		{04D1B17F-4883-4393-B7A6-B2EF554E866C}.Release|Any CPU.ActiveCfg = Release|Any CPU
		{04D1B17F-4883-4393-B7A6-B2EF554E866C}.Release|Any CPU.Build.0 = Release|Any CPU
		{A56F9719-AD6C-42E6-8273-6227DF10E615}.Debug|Any CPU.ActiveCfg = Debug|Any CPU
		{A56F9719-AD6C-42E6-8273-6227DF10E615}.Debug|Any CPU.Build.0 = Debug|Any CPU
		{A56F9719-AD6C-42E6-8273-6227DF10E615}.Release|Any CPU.ActiveCfg = Release|Any CPU
		{A56F9719-AD6C-42E6-8273-6227DF10E615}.Release|Any CPU.Build.0 = Release|Any CPU
		{EFB9E419-44F6-4C25-A319-C08D7CDC8C4B}.Debug|Any CPU.ActiveCfg = Debug|Any CPU
		{EFB9E419-44F6-4C25-A319-C08D7CDC8C4B}.Debug|Any CPU.Build.0 = Debug|Any CPU
		{EFB9E419-44F6-4C25-A319-C08D7CDC8C4B}.Release|Any CPU.ActiveCfg = Release|Any CPU
		{EFB9E419-44F6-4C25-A319-C08D7CDC8C4B}.Release|Any CPU.Build.0 = Release|Any CPU
		{56696332-0F0D-4E98-828F-1284E680A323}.Debug|Any CPU.ActiveCfg = Debug|Any CPU
		{56696332-0F0D-4E98-828F-1284E680A323}.Debug|Any CPU.Build.0 = Debug|Any CPU
		{56696332-0F0D-4E98-828F-1284E680A323}.Release|Any CPU.ActiveCfg = Release|Any CPU
		{56696332-0F0D-4E98-828F-1284E680A323}.Release|Any CPU.Build.0 = Release|Any CPU
		{706EC5B2-C437-476A-83EB-D70C238E2509}.Debug|Any CPU.ActiveCfg = Debug|Any CPU
		{706EC5B2-C437-476A-83EB-D70C238E2509}.Debug|Any CPU.Build.0 = Debug|Any CPU
		{706EC5B2-C437-476A-83EB-D70C238E2509}.Release|Any CPU.ActiveCfg = Release|Any CPU
		{706EC5B2-C437-476A-83EB-D70C238E2509}.Release|Any CPU.Build.0 = Release|Any CPU
		{767F7848-C047-4A6F-B8D2-42BAD122CD87}.Debug|Any CPU.ActiveCfg = Debug|Any CPU
		{767F7848-C047-4A6F-B8D2-42BAD122CD87}.Debug|Any CPU.Build.0 = Debug|Any CPU
		{767F7848-C047-4A6F-B8D2-42BAD122CD87}.Release|Any CPU.ActiveCfg = Release|Any CPU
		{767F7848-C047-4A6F-B8D2-42BAD122CD87}.Release|Any CPU.Build.0 = Release|Any CPU
		{CE18BFC1-2798-4DFD-9EC2-4F8C5EC99CF2}.Debug|Any CPU.ActiveCfg = Debug|Any CPU
		{CE18BFC1-2798-4DFD-9EC2-4F8C5EC99CF2}.Debug|Any CPU.Build.0 = Debug|Any CPU
		{CE18BFC1-2798-4DFD-9EC2-4F8C5EC99CF2}.Release|Any CPU.ActiveCfg = Release|Any CPU
		{CE18BFC1-2798-4DFD-9EC2-4F8C5EC99CF2}.Release|Any CPU.Build.0 = Release|Any CPU
		{D36ABFFD-10DD-47A8-B9EF-8137A72FBAE5}.Debug|Any CPU.ActiveCfg = Debug|Any CPU
		{D36ABFFD-10DD-47A8-B9EF-8137A72FBAE5}.Debug|Any CPU.Build.0 = Debug|Any CPU
		{D36ABFFD-10DD-47A8-B9EF-8137A72FBAE5}.Release|Any CPU.ActiveCfg = Release|Any CPU
		{D36ABFFD-10DD-47A8-B9EF-8137A72FBAE5}.Release|Any CPU.Build.0 = Release|Any CPU
		{479BE856-1BEA-4840-88BE-D753AA12B0F1}.Debug|Any CPU.ActiveCfg = Debug|Any CPU
		{479BE856-1BEA-4840-88BE-D753AA12B0F1}.Debug|Any CPU.Build.0 = Debug|Any CPU
		{479BE856-1BEA-4840-88BE-D753AA12B0F1}.Release|Any CPU.ActiveCfg = Release|Any CPU
		{479BE856-1BEA-4840-88BE-D753AA12B0F1}.Release|Any CPU.Build.0 = Release|Any CPU
		{9004DCB7-A5B3-463F-8E46-D0843DAB1708}.Debug|Any CPU.ActiveCfg = Debug|Any CPU
		{9004DCB7-A5B3-463F-8E46-D0843DAB1708}.Debug|Any CPU.Build.0 = Debug|Any CPU
		{9004DCB7-A5B3-463F-8E46-D0843DAB1708}.Release|Any CPU.ActiveCfg = Release|Any CPU
		{9004DCB7-A5B3-463F-8E46-D0843DAB1708}.Release|Any CPU.Build.0 = Release|Any CPU
		{03DBD901-BF7C-4804-8AE4-1BCD32C8B977}.Debug|Any CPU.ActiveCfg = Debug|Any CPU
		{03DBD901-BF7C-4804-8AE4-1BCD32C8B977}.Debug|Any CPU.Build.0 = Debug|Any CPU
		{03DBD901-BF7C-4804-8AE4-1BCD32C8B977}.Release|Any CPU.ActiveCfg = Release|Any CPU
		{03DBD901-BF7C-4804-8AE4-1BCD32C8B977}.Release|Any CPU.Build.0 = Release|Any CPU
		{9C4D078F-F943-450B-A024-E44D0C7D2587}.Debug|Any CPU.ActiveCfg = Debug|Any CPU
		{9C4D078F-F943-450B-A024-E44D0C7D2587}.Debug|Any CPU.Build.0 = Debug|Any CPU
		{9C4D078F-F943-450B-A024-E44D0C7D2587}.Release|Any CPU.ActiveCfg = Release|Any CPU
		{9C4D078F-F943-450B-A024-E44D0C7D2587}.Release|Any CPU.Build.0 = Release|Any CPU
		{1F47FBB3-CA31-4664-982A-C0109A1B4741}.Debug|Any CPU.ActiveCfg = Debug|Any CPU
		{1F47FBB3-CA31-4664-982A-C0109A1B4741}.Debug|Any CPU.Build.0 = Debug|Any CPU
		{1F47FBB3-CA31-4664-982A-C0109A1B4741}.Release|Any CPU.ActiveCfg = Release|Any CPU
		{1F47FBB3-CA31-4664-982A-C0109A1B4741}.Release|Any CPU.Build.0 = Release|Any CPU
		{98C78D3E-B509-4A2F-9E40-C7BB281452F7}.Debug|Any CPU.ActiveCfg = Debug|Any CPU
		{98C78D3E-B509-4A2F-9E40-C7BB281452F7}.Debug|Any CPU.Build.0 = Debug|Any CPU
		{98C78D3E-B509-4A2F-9E40-C7BB281452F7}.Release|Any CPU.ActiveCfg = Release|Any CPU
		{98C78D3E-B509-4A2F-9E40-C7BB281452F7}.Release|Any CPU.Build.0 = Release|Any CPU
	EndGlobalSection
	GlobalSection(SolutionProperties) = preSolution
		HideSolutionNode = FALSE
	EndGlobalSection
	GlobalSection(NestedProjects) = preSolution
		{3E9829D6-B58F-41CD-9DAC-21CD2B097634} = {3DD6294E-0C49-433C-BAD8-4EEDEA37ACC2}
		{E5E10DB5-4465-4D71-97DB-9E88E2E2F47B} = {3DD6294E-0C49-433C-BAD8-4EEDEA37ACC2}
		{BFC71ED8-358D-4B87-8079-EE7C9BF0476A} = {3DD6294E-0C49-433C-BAD8-4EEDEA37ACC2}
		{EF820A30-9E79-40C3-8474-206E2F0BD421} = {3DD6294E-0C49-433C-BAD8-4EEDEA37ACC2}
		{997CAF62-116E-407A-A440-897ADB74FCC5} = {3DD6294E-0C49-433C-BAD8-4EEDEA37ACC2}
		{04D1B17F-4883-4393-B7A6-B2EF554E866C} = {B1A057C6-6ADE-4689-BBFD-A1AAEF5BF9D8}
		{A56F9719-AD6C-42E6-8273-6227DF10E615} = {B1A057C6-6ADE-4689-BBFD-A1AAEF5BF9D8}
		{EFB9E419-44F6-4C25-A319-C08D7CDC8C4B} = {B1A057C6-6ADE-4689-BBFD-A1AAEF5BF9D8}
		{56696332-0F0D-4E98-828F-1284E680A323} = {B1A057C6-6ADE-4689-BBFD-A1AAEF5BF9D8}
		{706EC5B2-C437-476A-83EB-D70C238E2509} = {B1A057C6-6ADE-4689-BBFD-A1AAEF5BF9D8}
		{767F7848-C047-4A6F-B8D2-42BAD122CD87} = {698D774E-0C58-4AFE-9650-F6CBD126262F}
		{CE18BFC1-2798-4DFD-9EC2-4F8C5EC99CF2} = {698D774E-0C58-4AFE-9650-F6CBD126262F}
		{D36ABFFD-10DD-47A8-B9EF-8137A72FBAE5} = {698D774E-0C58-4AFE-9650-F6CBD126262F}
		{479BE856-1BEA-4840-88BE-D753AA12B0F1} = {698D774E-0C58-4AFE-9650-F6CBD126262F}
		{9004DCB7-A5B3-463F-8E46-D0843DAB1708} = {C63049D6-1E67-4800-9491-7DF36ED716F9}
		{03DBD901-BF7C-4804-8AE4-1BCD32C8B977} = {C63049D6-1E67-4800-9491-7DF36ED716F9}
		{9C4D078F-F943-450B-A024-E44D0C7D2587} = {C63049D6-1E67-4800-9491-7DF36ED716F9}
		{1F47FBB3-CA31-4664-982A-C0109A1B4741} = {C63049D6-1E67-4800-9491-7DF36ED716F9}
		{98C78D3E-B509-4A2F-9E40-C7BB281452F7} = {D53129C5-8A39-470A-9AE1-B497786BBFB1}
	EndGlobalSection
	GlobalSection(ExtensibilityGlobals) = postSolution
		SolutionGuid = {0B59B3E1-661E-4FC0-A81E-44D858605D24}
	EndGlobalSection
EndGlobal
